# @generated by Move, please check-in and do not edit manually.

[move]
version = 3
manifest_digest = "587C8B37D74392665A2DBD5079EE16B232F2ECCD4353974A25DF3856B59E2325"
deps_digest = "397E6A9F7A624706DBDFEE056CE88391A15876868FD18A88504DA74EB458D697"
dependencies = [
  { id = "Bridge", name = "Bridge" },
  { id = "DeepBook", name = "DeepBook" },
  { id = "MoveStdlib", name = "MoveStdlib" },
  { id = "Sui", name = "Sui" },
  { id = "SuiSystem", name = "SuiSystem" },
]

[[move.package]]
id = "Bridge"
source = { git = "https://github.com/MystenLabs/sui.git", rev = "9c04e1840eb5", subdir = "crates/sui-framework/packages/bridge" }

dependencies = [
  { id = "MoveStdlib", name = "MoveStdlib" },
  { id = "Sui", name = "Sui" },
  { id = "SuiSystem", name = "SuiSystem" },
]

[[move.package]]
id = "DeepBook"
source = { git = "https://github.com/MystenLabs/sui.git", rev = "9c04e1840eb5", subdir = "crates/sui-framework/packages/deepbook" }

dependencies = [
  { id = "MoveStdlib", name = "MoveStdlib" },
  { id = "Sui", name = "Sui" },
]

[[move.package]]
id = "MoveStdlib"
source = { git = "https://github.com/MystenLabs/sui.git", rev = "9c04e1840eb5", subdir = "crates/sui-framework/packages/move-stdlib" }

[[move.package]]
id = "Sui"
source = { git = "https://github.com/MystenLabs/sui.git", rev = "9c04e1840eb5", subdir = "crates/sui-framework/packages/sui-framework" }

dependencies = [
  { id = "MoveStdlib", name = "MoveStdlib" },
]

[[move.package]]
id = "SuiSystem"
source = { git = "https://github.com/MystenLabs/sui.git", rev = "9c04e1840eb5", subdir = "crates/sui-framework/packages/sui-system" }

dependencies = [
  { id = "MoveStdlib", name = "MoveStdlib" },
  { id = "Sui", name = "Sui" },
]

[move.toolchain-version]
compiler-version = "1.45.1"
edition = "2024.beta"
flavor = "sui"

[env]

[env.local]
chain-id = "a38220de"
original-published-id = "0x62d4e0d3d4321f611fcddb40589d9e1b9b8519e10ca1978b8eb3a91948b3751d"
latest-published-id = "0x62d4e0d3d4321f611fcddb40589d9e1b9b8519e10ca1978b8eb3a91948b3751d"
published-version = "1"

[env.testnet]
chain-id = "4c78adac"
original-published-id = "0xdb70f761ea4d3fd79dbd7bc0c1b9adff12421c09bdf1b52eea6513ef4c068861"
latest-published-id = "0xdb70f761ea4d3fd79dbd7bc0c1b9adff12421c09bdf1b52eea6513ef4c068861"
published-version = "1"
